PODS:
  - Charts (3.1.1):
    - Charts/Core (= 3.1.1)
  - Charts/Core (3.1.1)

DEPENDENCIES:
  - Charts

SPEC REPOS:
  https://github.com/CocoaPods/Specs.git:
    - Charts

SPEC CHECKSUMS:
  Charts: 90a4d61da0f6e06684c591e3bcab11940fe61736

PODFILE CHECKSUM: 1905ad8f19261f645dd7ae84d587078d5d7a4487

COCOAPODS: 1.5.0
